
Microsoft Visual Studio Solution File, Format Version 12.00
# Visual Studio 2012
VisualStudioVersion = 14.0.23107.0
MinimumVisualStudioVersion = 10.0.40219.1
Project("{FAE04EC0-301F-11D3-BF4B-00C04F79EFBC}") = "Podcatcher.Load", "Podcatcher.Load\Podcatcher.Load.csproj", "{273BE202-9F81-4E98-857D-38E13AD367BB}"
EndProject
Project("{FAE04EC0-301F-11D3-BF4B-00C04F79EFBC}") = "Tests.Podcatcher.Load", "Tests.Podcatcher.Load\Tests.Podcatcher.Load.csproj", "{DCCADA8A-7F2B-4DB4-91EA-78E6B598CE37}"
EndProject
Project("{FAE04EC0-301F-11D3-BF4B-00C04F79EFBC}") = "Podcatcher.Interfaces", "Podcatcher.Interfaces\Podcatcher.Interfaces.csproj", "{39F5073D-3515-46A9-954D-70FD69564BD9}"
EndProject
Project("{FAE04EC0-301F-11D3-BF4B-00C04F79EFBC}") = "Podcatcher.ChunkedDownloader", "Podcatcher.ChunkedDownloader\Podcatcher.ChunkedDownloader.csproj", "{0A191063-F152-4A6C-AA95-D725C9D1C754}"
EndProject
Project("{FAE04EC0-301F-11D3-BF4B-00C04F79EFBC}") = "Tests.Podcatcher.FileDownloader", "Tests.Podcatcher.FileDownloader\Tests.Podcatcher.FileDownloader.csproj", "{2E664056-DF74-4FA1-BE05-04842BEC8097}"
EndProject
Global
	GlobalSection(SolutionConfigurationPlatforms) = preSolution
		Debug|Any CPU = Debug|Any CPU
		Debug|ARM = Debug|ARM
		Debug|x86 = Debug|x86
		Release|Any CPU = Release|Any CPU
		Release|ARM = Release|ARM
		Release|x86 = Release|x86
	EndGlobalSection
	GlobalSection(ProjectConfigurationPlatforms) = postSolution
		{0A191063-F152-4A6C-AA95-D725C9D1C754}.Debug|Any CPU.ActiveCfg = Debug|Any CPU
		{0A191063-F152-4A6C-AA95-D725C9D1C754}.Debug|Any CPU.Build.0 = Debug|Any CPU
		{0A191063-F152-4A6C-AA95-D725C9D1C754}.Debug|ARM.ActiveCfg = Debug|Any CPU
		{0A191063-F152-4A6C-AA95-D725C9D1C754}.Debug|ARM.Build.0 = Debug|Any CPU
		{0A191063-F152-4A6C-AA95-D725C9D1C754}.Debug|x86.ActiveCfg = Debug|Any CPU
		{0A191063-F152-4A6C-AA95-D725C9D1C754}.Debug|x86.Build.0 = Debug|Any CPU
		{0A191063-F152-4A6C-AA95-D725C9D1C754}.Release|Any CPU.ActiveCfg = Release|Any CPU
		{0A191063-F152-4A6C-AA95-D725C9D1C754}.Release|Any CPU.Build.0 = Release|Any CPU
		{0A191063-F152-4A6C-AA95-D725C9D1C754}.Release|ARM.ActiveCfg = Release|Any CPU
		{0A191063-F152-4A6C-AA95-D725C9D1C754}.Release|ARM.Build.0 = Release|Any CPU
		{0A191063-F152-4A6C-AA95-D725C9D1C754}.Release|x86.ActiveCfg = Release|Any CPU
		{0A191063-F152-4A6C-AA95-D725C9D1C754}.Release|x86.Build.0 = Release|Any CPU
		{273BE202-9F81-4E98-857D-38E13AD367BB}.Debug|Any CPU.ActiveCfg = Debug|Any CPU
		{273BE202-9F81-4E98-857D-38E13AD367BB}.Debug|Any CPU.Build.0 = Debug|Any CPU
		{273BE202-9F81-4E98-857D-38E13AD367BB}.Debug|ARM.ActiveCfg = Debug|Any CPU
		{273BE202-9F81-4E98-857D-38E13AD367BB}.Debug|ARM.Build.0 = Debug|Any CPU
		{273BE202-9F81-4E98-857D-38E13AD367BB}.Debug|x86.ActiveCfg = Debug|Any CPU
		{273BE202-9F81-4E98-857D-38E13AD367BB}.Debug|x86.Build.0 = Debug|Any CPU
		{273BE202-9F81-4E98-857D-38E13AD367BB}.Release|Any CPU.ActiveCfg = Release|Any CPU
		{273BE202-9F81-4E98-857D-38E13AD367BB}.Release|Any CPU.Build.0 = Release|Any CPU
		{273BE202-9F81-4E98-857D-38E13AD367BB}.Release|ARM.ActiveCfg = Release|Any CPU
		{273BE202-9F81-4E98-857D-38E13AD367BB}.Release|ARM.Build.0 = Release|Any CPU
		{273BE202-9F81-4E98-857D-38E13AD367BB}.Release|x86.ActiveCfg = Release|Any CPU
		{273BE202-9F81-4E98-857D-38E13AD367BB}.Release|x86.Build.0 = Release|Any CPU
		{2E664056-DF74-4FA1-BE05-04842BEC8097}.Debug|Any CPU.ActiveCfg = Debug|Any CPU
		{2E664056-DF74-4FA1-BE05-04842BEC8097}.Debug|Any CPU.Build.0 = Debug|Any CPU
		{2E664056-DF74-4FA1-BE05-04842BEC8097}.Debug|ARM.ActiveCfg = Debug|Any CPU
		{2E664056-DF74-4FA1-BE05-04842BEC8097}.Debug|ARM.Build.0 = Debug|Any CPU
		{2E664056-DF74-4FA1-BE05-04842BEC8097}.Debug|x86.ActiveCfg = Debug|Any CPU
		{2E664056-DF74-4FA1-BE05-04842BEC8097}.Debug|x86.Build.0 = Debug|Any CPU
		{2E664056-DF74-4FA1-BE05-04842BEC8097}.Release|Any CPU.ActiveCfg = Release|Any CPU
		{2E664056-DF74-4FA1-BE05-04842BEC8097}.Release|Any CPU.Build.0 = Release|Any CPU
		{2E664056-DF74-4FA1-BE05-04842BEC8097}.Release|ARM.ActiveCfg = Release|Any CPU
		{2E664056-DF74-4FA1-BE05-04842BEC8097}.Release|ARM.Build.0 = Release|Any CPU
		{2E664056-DF74-4FA1-BE05-04842BEC8097}.Release|x86.ActiveCfg = Release|Any CPU
		{2E664056-DF74-4FA1-BE05-04842BEC8097}.Release|x86.Build.0 = Release|Any CPU
		{39F5073D-3515-46A9-954D-70FD69564BD9}.Debug|Any CPU.ActiveCfg = Debug|Any CPU
		{39F5073D-3515-46A9-954D-70FD69564BD9}.Debug|Any CPU.Build.0 = Debug|Any CPU
		{39F5073D-3515-46A9-954D-70FD69564BD9}.Debug|ARM.ActiveCfg = Debug|Any CPU
		{39F5073D-3515-46A9-954D-70FD69564BD9}.Debug|ARM.Build.0 = Debug|Any CPU
		{39F5073D-3515-46A9-954D-70FD69564BD9}.Debug|x86.ActiveCfg = Debug|Any CPU
		{39F5073D-3515-46A9-954D-70FD69564BD9}.Debug|x86.Build.0 = Debug|Any CPU
		{39F5073D-3515-46A9-954D-70FD69564BD9}.Release|Any CPU.ActiveCfg = Release|Any CPU
		{39F5073D-3515-46A9-954D-70FD69564BD9}.Release|Any CPU.Build.0 = Release|Any CPU
		{39F5073D-3515-46A9-954D-70FD69564BD9}.Release|ARM.ActiveCfg = Release|Any CPU
		{39F5073D-3515-46A9-954D-70FD69564BD9}.Release|ARM.Build.0 = Release|Any CPU
		{39F5073D-3515-46A9-954D-70FD69564BD9}.Release|x86.ActiveCfg = Release|Any CPU
		{39F5073D-3515-46A9-954D-70FD69564BD9}.Release|x86.Build.0 = Release|Any CPU
		{DCCADA8A-7F2B-4DB4-91EA-78E6B598CE37}.Debug|Any CPU.ActiveCfg = Debug|Any CPU
		{DCCADA8A-7F2B-4DB4-91EA-78E6B598CE37}.Debug|Any CPU.Build.0 = Debug|Any CPU
		{DCCADA8A-7F2B-4DB4-91EA-78E6B598CE37}.Debug|ARM.ActiveCfg = Debug|Any CPU
		{DCCADA8A-7F2B-4DB4-91EA-78E6B598CE37}.Debug|ARM.Build.0 = Debug|Any CPU
		{DCCADA8A-7F2B-4DB4-91EA-78E6B598CE37}.Debug|x86.ActiveCfg = Debug|Any CPU
		{DCCADA8A-7F2B-4DB4-91EA-78E6B598CE37}.Debug|x86.Build.0 = Debug|Any CPU
		{DCCADA8A-7F2B-4DB4-91EA-78E6B598CE37}.Release|Any CPU.ActiveCfg = Release|Any CPU
		{DCCADA8A-7F2B-4DB4-91EA-78E6B598CE37}.Release|Any CPU.Build.0 = Release|Any CPU
		{DCCADA8A-7F2B-4DB4-91EA-78E6B598CE37}.Release|ARM.ActiveCfg = Release|Any CPU
		{DCCADA8A-7F2B-4DB4-91EA-78E6B598CE37}.Release|ARM.Build.0 = Release|Any CPU
		{DCCADA8A-7F2B-4DB4-91EA-78E6B598CE37}.Release|x86.ActiveCfg = Release|Any CPU
		{DCCADA8A-7F2B-4DB4-91EA-78E6B598CE37}.Release|x86.Build.0 = Release|Any CPU
	EndGlobalSection
	GlobalSection(SolutionProperties) = preSolution
		HideSolutionNode = FALSE
	EndGlobalSection
EndGlobal
