
Microsoft Visual Studio Solution File, Format Version 12.00
# Visual Studio 14
VisualStudioVersion = 14.0.23107.0
MinimumVisualStudioVersion = 10.0.40219.1
Project("{FAE04EC0-301F-11D3-BF4B-00C04F79EFBC}") = "Podcatcher.CLI", "Podcatcher.CLI\Podcatcher.CLI.csproj", "{8A3999C2-99E5-4506-A355-247A8342CC22}"
EndProject
Project("{FAE04EC0-301F-11D3-BF4B-00C04F79EFBC}") = "Podcatcher.FileSaver", "Podcatcher.FileSaver\Podcatcher.FileSaver.csproj", "{4362F986-CE48-430C-B7AB-E74B262C1C19}"
EndProject
Project("{FAE04EC0-301F-11D3-BF4B-00C04F79EFBC}") = "Podcatcher.Manager", "Podcatcher.Manager\Podcatcher.Manager.csproj", "{DE8129C7-DE6D-4998-BE69-B30AF3F8C6B5}"
EndProject
Project("{FAE04EC0-301F-11D3-BF4B-00C04F79EFBC}") = "Podcatcher.Downloader", "Podcatcher.Downloader\Podcatcher.Downloader.csproj", "{7099385B-9787-4B95-B23D-EE83C1287A7A}"
EndProject
Project("{FAE04EC0-301F-11D3-BF4B-00C04F79EFBC}") = "Podcatcher.FileSaver.Tests", "Podcatcher.FileSaver.Tests\Podcatcher.FileSaver.Tests.csproj", "{A1E90BC0-FDD3-4DEF-BF54-6CA70E1C2488}"
EndProject
Global
	GlobalSection(SolutionConfigurationPlatforms) = preSolution
		Debug|Any CPU = Debug|Any CPU
		Debug|ARM = Debug|ARM
		Debug|x64 = Debug|x64
		Debug|x86 = Debug|x86
		Release|Any CPU = Release|Any CPU
		Release|ARM = Release|ARM
		Release|x64 = Release|x64
		Release|x86 = Release|x86
	EndGlobalSection
	GlobalSection(ProjectConfigurationPlatforms) = postSolution
		{8A3999C2-99E5-4506-A355-247A8342CC22}.Debug|Any CPU.ActiveCfg = Debug|Any CPU
		{8A3999C2-99E5-4506-A355-247A8342CC22}.Debug|Any CPU.Build.0 = Debug|Any CPU
		{8A3999C2-99E5-4506-A355-247A8342CC22}.Debug|ARM.ActiveCfg = Debug|Any CPU
		{8A3999C2-99E5-4506-A355-247A8342CC22}.Debug|ARM.Build.0 = Debug|Any CPU
		{8A3999C2-99E5-4506-A355-247A8342CC22}.Debug|x64.ActiveCfg = Debug|Any CPU
		{8A3999C2-99E5-4506-A355-247A8342CC22}.Debug|x64.Build.0 = Debug|Any CPU
		{8A3999C2-99E5-4506-A355-247A8342CC22}.Debug|x86.ActiveCfg = Debug|Any CPU
		{8A3999C2-99E5-4506-A355-247A8342CC22}.Debug|x86.Build.0 = Debug|Any CPU
		{8A3999C2-99E5-4506-A355-247A8342CC22}.Release|Any CPU.ActiveCfg = Release|Any CPU
		{8A3999C2-99E5-4506-A355-247A8342CC22}.Release|Any CPU.Build.0 = Release|Any CPU
		{8A3999C2-99E5-4506-A355-247A8342CC22}.Release|ARM.ActiveCfg = Release|Any CPU
		{8A3999C2-99E5-4506-A355-247A8342CC22}.Release|ARM.Build.0 = Release|Any CPU
		{8A3999C2-99E5-4506-A355-247A8342CC22}.Release|x64.ActiveCfg = Release|Any CPU
		{8A3999C2-99E5-4506-A355-247A8342CC22}.Release|x64.Build.0 = Release|Any CPU
		{8A3999C2-99E5-4506-A355-247A8342CC22}.Release|x86.ActiveCfg = Release|Any CPU
		{8A3999C2-99E5-4506-A355-247A8342CC22}.Release|x86.Build.0 = Release|Any CPU
		{4362F986-CE48-430C-B7AB-E74B262C1C19}.Debug|Any CPU.ActiveCfg = Debug|Any CPU
		{4362F986-CE48-430C-B7AB-E74B262C1C19}.Debug|Any CPU.Build.0 = Debug|Any CPU
		{4362F986-CE48-430C-B7AB-E74B262C1C19}.Debug|ARM.ActiveCfg = Debug|Any CPU
		{4362F986-CE48-430C-B7AB-E74B262C1C19}.Debug|ARM.Build.0 = Debug|Any CPU
		{4362F986-CE48-430C-B7AB-E74B262C1C19}.Debug|x64.ActiveCfg = Debug|Any CPU
		{4362F986-CE48-430C-B7AB-E74B262C1C19}.Debug|x64.Build.0 = Debug|Any CPU
		{4362F986-CE48-430C-B7AB-E74B262C1C19}.Debug|x86.ActiveCfg = Debug|Any CPU
		{4362F986-CE48-430C-B7AB-E74B262C1C19}.Debug|x86.Build.0 = Debug|Any CPU
		{4362F986-CE48-430C-B7AB-E74B262C1C19}.Release|Any CPU.ActiveCfg = Release|Any CPU
		{4362F986-CE48-430C-B7AB-E74B262C1C19}.Release|Any CPU.Build.0 = Release|Any CPU
		{4362F986-CE48-430C-B7AB-E74B262C1C19}.Release|ARM.ActiveCfg = Release|Any CPU
		{4362F986-CE48-430C-B7AB-E74B262C1C19}.Release|ARM.Build.0 = Release|Any CPU
		{4362F986-CE48-430C-B7AB-E74B262C1C19}.Release|x64.ActiveCfg = Release|Any CPU
		{4362F986-CE48-430C-B7AB-E74B262C1C19}.Release|x64.Build.0 = Release|Any CPU
		{4362F986-CE48-430C-B7AB-E74B262C1C19}.Release|x86.ActiveCfg = Release|Any CPU
		{4362F986-CE48-430C-B7AB-E74B262C1C19}.Release|x86.Build.0 = Release|Any CPU
		{DE8129C7-DE6D-4998-BE69-B30AF3F8C6B5}.Debug|Any CPU.ActiveCfg = Debug|Any CPU
		{DE8129C7-DE6D-4998-BE69-B30AF3F8C6B5}.Debug|Any CPU.Build.0 = Debug|Any CPU
		{DE8129C7-DE6D-4998-BE69-B30AF3F8C6B5}.Debug|ARM.ActiveCfg = Debug|Any CPU
		{DE8129C7-DE6D-4998-BE69-B30AF3F8C6B5}.Debug|ARM.Build.0 = Debug|Any CPU
		{DE8129C7-DE6D-4998-BE69-B30AF3F8C6B5}.Debug|x64.ActiveCfg = Debug|Any CPU
		{DE8129C7-DE6D-4998-BE69-B30AF3F8C6B5}.Debug|x64.Build.0 = Debug|Any CPU
		{DE8129C7-DE6D-4998-BE69-B30AF3F8C6B5}.Debug|x86.ActiveCfg = Debug|Any CPU
		{DE8129C7-DE6D-4998-BE69-B30AF3F8C6B5}.Debug|x86.Build.0 = Debug|Any CPU
		{DE8129C7-DE6D-4998-BE69-B30AF3F8C6B5}.Release|Any CPU.ActiveCfg = Release|Any CPU
		{DE8129C7-DE6D-4998-BE69-B30AF3F8C6B5}.Release|Any CPU.Build.0 = Release|Any CPU
		{DE8129C7-DE6D-4998-BE69-B30AF3F8C6B5}.Release|ARM.ActiveCfg = Release|Any CPU
		{DE8129C7-DE6D-4998-BE69-B30AF3F8C6B5}.Release|ARM.Build.0 = Release|Any CPU
		{DE8129C7-DE6D-4998-BE69-B30AF3F8C6B5}.Release|x64.ActiveCfg = Release|Any CPU
		{DE8129C7-DE6D-4998-BE69-B30AF3F8C6B5}.Release|x64.Build.0 = Release|Any CPU
		{DE8129C7-DE6D-4998-BE69-B30AF3F8C6B5}.Release|x86.ActiveCfg = Release|Any CPU
		{DE8129C7-DE6D-4998-BE69-B30AF3F8C6B5}.Release|x86.Build.0 = Release|Any CPU
		{7099385B-9787-4B95-B23D-EE83C1287A7A}.Debug|Any CPU.ActiveCfg = Debug|Any CPU
		{7099385B-9787-4B95-B23D-EE83C1287A7A}.Debug|Any CPU.Build.0 = Debug|Any CPU
		{7099385B-9787-4B95-B23D-EE83C1287A7A}.Debug|ARM.ActiveCfg = Debug|Any CPU
		{7099385B-9787-4B95-B23D-EE83C1287A7A}.Debug|ARM.Build.0 = Debug|Any CPU
		{7099385B-9787-4B95-B23D-EE83C1287A7A}.Debug|x64.ActiveCfg = Debug|Any CPU
		{7099385B-9787-4B95-B23D-EE83C1287A7A}.Debug|x64.Build.0 = Debug|Any CPU
		{7099385B-9787-4B95-B23D-EE83C1287A7A}.Debug|x86.ActiveCfg = Debug|Any CPU
		{7099385B-9787-4B95-B23D-EE83C1287A7A}.Debug|x86.Build.0 = Debug|Any CPU
		{7099385B-9787-4B95-B23D-EE83C1287A7A}.Release|Any CPU.ActiveCfg = Release|Any CPU
		{7099385B-9787-4B95-B23D-EE83C1287A7A}.Release|Any CPU.Build.0 = Release|Any CPU
		{7099385B-9787-4B95-B23D-EE83C1287A7A}.Release|ARM.ActiveCfg = Release|Any CPU
		{7099385B-9787-4B95-B23D-EE83C1287A7A}.Release|ARM.Build.0 = Release|Any CPU
		{7099385B-9787-4B95-B23D-EE83C1287A7A}.Release|x64.ActiveCfg = Release|Any CPU
		{7099385B-9787-4B95-B23D-EE83C1287A7A}.Release|x64.Build.0 = Release|Any CPU
		{7099385B-9787-4B95-B23D-EE83C1287A7A}.Release|x86.ActiveCfg = Release|Any CPU
		{7099385B-9787-4B95-B23D-EE83C1287A7A}.Release|x86.Build.0 = Release|Any CPU
		{A1E90BC0-FDD3-4DEF-BF54-6CA70E1C2488}.Debug|Any CPU.ActiveCfg = Debug|Any CPU
		{A1E90BC0-FDD3-4DEF-BF54-6CA70E1C2488}.Debug|Any CPU.Build.0 = Debug|Any CPU
		{A1E90BC0-FDD3-4DEF-BF54-6CA70E1C2488}.Debug|ARM.ActiveCfg = Debug|Any CPU
		{A1E90BC0-FDD3-4DEF-BF54-6CA70E1C2488}.Debug|ARM.Build.0 = Debug|Any CPU
		{A1E90BC0-FDD3-4DEF-BF54-6CA70E1C2488}.Debug|x64.ActiveCfg = Debug|Any CPU
		{A1E90BC0-FDD3-4DEF-BF54-6CA70E1C2488}.Debug|x64.Build.0 = Debug|Any CPU
		{A1E90BC0-FDD3-4DEF-BF54-6CA70E1C2488}.Debug|x86.ActiveCfg = Debug|Any CPU
		{A1E90BC0-FDD3-4DEF-BF54-6CA70E1C2488}.Debug|x86.Build.0 = Debug|Any CPU
		{A1E90BC0-FDD3-4DEF-BF54-6CA70E1C2488}.Release|Any CPU.ActiveCfg = Release|Any CPU
		{A1E90BC0-FDD3-4DEF-BF54-6CA70E1C2488}.Release|Any CPU.Build.0 = Release|Any CPU
		{A1E90BC0-FDD3-4DEF-BF54-6CA70E1C2488}.Release|ARM.ActiveCfg = Release|Any CPU
		{A1E90BC0-FDD3-4DEF-BF54-6CA70E1C2488}.Release|ARM.Build.0 = Release|Any CPU
		{A1E90BC0-FDD3-4DEF-BF54-6CA70E1C2488}.Release|x64.ActiveCfg = Release|Any CPU
		{A1E90BC0-FDD3-4DEF-BF54-6CA70E1C2488}.Release|x64.Build.0 = Release|Any CPU
		{A1E90BC0-FDD3-4DEF-BF54-6CA70E1C2488}.Release|x86.ActiveCfg = Release|Any CPU
		{A1E90BC0-FDD3-4DEF-BF54-6CA70E1C2488}.Release|x86.Build.0 = Release|Any CPU
	EndGlobalSection
	GlobalSection(SolutionProperties) = preSolution
		HideSolutionNode = FALSE
	EndGlobalSection
EndGlobal
